
Microsoft Visual Studio Solution File, Format Version 12.00
# Visual Studio Version 17
VisualStudioVersion = 17.13.35913.81 d17.13
MinimumVisualStudioVersion = 10.0.40219.1
Project("{FAE04EC0-301F-11D3-BF4B-00C04F79EFBC}") = "AtividadePOO", "AtividadePOO.csproj", "{3BE76C1D-A08D-45F3-82B1-53B0DCF04021}"
EndProject
Global
	GlobalSection(SolutionConfigurationPlatforms) = preSolution
		Debug|Any CPU = Debug|Any CPU
		Release|Any CPU = Release|Any CPU
	EndGlobalSection
	GlobalSection(ProjectConfigurationPlatforms) = postSolution
		{3BE76C1D-A08D-45F3-82B1-53B0DCF04021}.Debug|Any CPU.ActiveCfg = Debug|Any CPU
		{3BE76C1D-A08D-45F3-82B1-53B0DCF04021}.Debug|Any CPU.Build.0 = Debug|Any CPU
		{3BE76C1D-A08D-45F3-82B1-53B0DCF04021}.Release|Any CPU.ActiveCfg = Release|Any CPU
		{3BE76C1D-A08D-45F3-82B1-53B0DCF04021}.Release|Any CPU.Build.0 = Release|Any CPU
	EndGlobalSection
	GlobalSection(SolutionProperties) = preSolution
		HideSolutionNode = FALSE
	EndGlobalSection
	GlobalSection(ExtensibilityGlobals) = postSolution
		SolutionGuid = {413E2901-FF59-4A1E-8575-0E4B3C514C34}
	EndGlobalSection
EndGlobal
